
Microsoft Visual Studio Solution File, Format Version 12.00
# Visual Studio Version 16
VisualStudioVersion = 16.0.30320.27
MinimumVisualStudioVersion = 10.0.40219.1
Project("{FAE04EC0-301F-11D3-BF4B-00C04F79EFBC}") = "CustomerOrderViewer", "CustomerOrderViewer\CustomerOrderViewer.csproj", "{7B9DC9A9-D84D-4A24-BEB8-E1D3C119DDA3}"
EndProject
Global
	GlobalSection(SolutionConfigurationPlatforms) = preSolution
		Debug|Any CPU = Debug|Any CPU
		Release|Any CPU = Release|Any CPU
	EndGlobalSection
	GlobalSection(ProjectConfigurationPlatforms) = postSolution
		{7B9DC9A9-D84D-4A24-BEB8-E1D3C119DDA3}.Debug|Any CPU.ActiveCfg = Debug|Any CPU
		{7B9DC9A9-D84D-4A24-BEB8-E1D3C119DDA3}.Debug|Any CPU.Build.0 = Debug|Any CPU
		{7B9DC9A9-D84D-4A24-BEB8-E1D3C119DDA3}.Release|Any CPU.ActiveCfg = Release|Any CPU
		{7B9DC9A9-D84D-4A24-BEB8-E1D3C119DDA3}.Release|Any CPU.Build.0 = Release|Any CPU
	EndGlobalSection
	GlobalSection(SolutionProperties) = preSolution
		HideSolutionNode = FALSE
	EndGlobalSection
	GlobalSection(ExtensibilityGlobals) = postSolution
		SolutionGuid = {C064258B-9ED7-41B3-96EC-5DE3F162AD89}
	EndGlobalSection
EndGlobal
